
Microsoft Visual Studio Solution File, Format Version 12.00
# Visual Studio Version 16
VisualStudioVersion = 16.0.31515.178
MinimumVisualStudioVersion = 10.0.40219.1
Project("{FAE04EC0-301F-11D3-BF4B-00C04F79EFBC}") = "Testing", "Testing\Testing.csproj", "{5B0E4CE3-C326-473A-98EA-4EB522CB04D4}"
EndProject
Project("{FAE04EC0-301F-11D3-BF4B-00C04F79EFBC}") = "Application", "Application\Application.csproj", "{ED384764-6E8F-4A79-A7DA-75545C7E52B4}"
EndProject
Project("{FAE04EC0-301F-11D3-BF4B-00C04F79EFBC}") = "DAL.MSSQL", "DAL.MSSQL\DAL.MSSQL.csproj", "{CA75E07E-E6D9-4DD2-8847-357593E6BEDF}"
EndProject
Global
	GlobalSection(SolutionConfigurationPlatforms) = preSolution
		Debug|Any CPU = Debug|Any CPU
		Release|Any CPU = Release|Any CPU
	EndGlobalSection
	GlobalSection(ProjectConfigurationPlatforms) = postSolution
		{5B0E4CE3-C326-473A-98EA-4EB522CB04D4}.Debug|Any CPU.ActiveCfg = Debug|Any CPU
		{5B0E4CE3-C326-473A-98EA-4EB522CB04D4}.Debug|Any CPU.Build.0 = Debug|Any CPU
		{5B0E4CE3-C326-473A-98EA-4EB522CB04D4}.Release|Any CPU.ActiveCfg = Release|Any CPU
		{5B0E4CE3-C326-473A-98EA-4EB522CB04D4}.Release|Any CPU.Build.0 = Release|Any CPU
		{ED384764-6E8F-4A79-A7DA-75545C7E52B4}.Debug|Any CPU.ActiveCfg = Debug|Any CPU
		{ED384764-6E8F-4A79-A7DA-75545C7E52B4}.Debug|Any CPU.Build.0 = Debug|Any CPU
		{ED384764-6E8F-4A79-A7DA-75545C7E52B4}.Release|Any CPU.ActiveCfg = Release|Any CPU
		{ED384764-6E8F-4A79-A7DA-75545C7E52B4}.Release|Any CPU.Build.0 = Release|Any CPU
		{CA75E07E-E6D9-4DD2-8847-357593E6BEDF}.Debug|Any CPU.ActiveCfg = Debug|Any CPU
		{CA75E07E-E6D9-4DD2-8847-357593E6BEDF}.Debug|Any CPU.Build.0 = Debug|Any CPU
		{CA75E07E-E6D9-4DD2-8847-357593E6BEDF}.Release|Any CPU.ActiveCfg = Release|Any CPU
		{CA75E07E-E6D9-4DD2-8847-357593E6BEDF}.Release|Any CPU.Build.0 = Release|Any CPU
	EndGlobalSection
	GlobalSection(SolutionProperties) = preSolution
		HideSolutionNode = FALSE
	EndGlobalSection
	GlobalSection(ExtensibilityGlobals) = postSolution
		SolutionGuid = {DC7F5224-2801-401A-9EB3-B038ECB16B44}
	EndGlobalSection
EndGlobal
